// !$*UTF8*$!
{
	archiveVersion = 1;
	classes = {
	};
	objectVersion = 77;
	objects = {

/* Begin PBXBuildFile section */
		8B8794922E1EF1D900A02BF6 /* TabBar in Frameworks */ = {isa = PBXBuildFile; productRef = 8B8794912E1EF1D900A02BF6 /* TabBar */; };
/* End PBXBuildFile section */

/* Begin PBXContainerItemProxy section */
		8B8793FE2E1EAE5900A02BF6 /* PBXContainerItemProxy */ = {
			isa = PBXContainerItemProxy;
			containerPortal = 8B8793E82E1EAE5700A02BF6 /* Project object */;
			proxyType = 1;
			remoteGlobalIDString = 8B8793EF2E1EAE5700A02BF6;
			remoteInfo = SubscriptionsApp;
		};
		8B8794082E1EAE5900A02BF6 /* PBXContainerItemProxy */ = {
			isa = PBXContainerItemProxy;
			containerPortal = 8B8793E82E1EAE5700A02BF6 /* Project object */;
			proxyType = 1;
			remoteGlobalIDString = 8B8793EF2E1EAE5700A02BF6;
			remoteInfo = SubscriptionsApp;
		};
/* End PBXContainerItemProxy section */

/* Begin PBXFileReference section */
		8B8793F02E1EAE5700A02BF6 /* SubscriptionsApp.app */ = {isa = PBXFileReference; explicitFileType = wrapper.application; includeInIndex = 0; path = SubscriptionsApp.app; sourceTree = BUILT_PRODUCTS_DIR; };
		8B8793FD2E1EAE5900A02BF6 /* SubscriptionsAppTests.xctest */ = {isa = PBXFileReference; explicitFileType = wrapper.cfbundle; includeInIndex = 0; path = SubscriptionsAppTests.xctest; sourceTree = BUILT_PRODUCTS_DIR; };
		8B8794072E1EAE5900A02BF6 /* SubscriptionsAppUITests.xctest */ = {isa = PBXFileReference; explicitFileType = wrapper.cfbundle; includeInIndex = 0; path = SubscriptionsAppUITests.xctest; sourceTree = BUILT_PRODUCTS_DIR; };
/* End PBXFileReference section */

/* Begin PBXFileSystemSynchronizedBuildFileExceptionSet section */
		8B8794862E1EED9300A02BF6 /* Exceptions for "App" folder in "SubscriptionsApp" target */ = {
			isa = PBXFileSystemSynchronizedBuildFileExceptionSet;
			membershipExceptions = (
				SubscriptionsAppTests/SubscriptionsAppTests.swift,
				SubscriptionsAppUITests/SubscriptionsAppUITests.swift,
				SubscriptionsAppUITests/SubscriptionsAppUITestsLaunchTests.swift,
			);
			target = 8B8793EF2E1EAE5700A02BF6 /* SubscriptionsApp */;
		};
		8B8794872E1EED9300A02BF6 /* Exceptions for "App" folder in "SubscriptionsAppTests" target */ = {
			isa = PBXFileSystemSynchronizedBuildFileExceptionSet;
			membershipExceptions = (
				SubscriptionsAppTests/SubscriptionsAppTests.swift,
			);
			target = 8B8793FC2E1EAE5900A02BF6 /* SubscriptionsAppTests */;
		};
		8B8794882E1EED9300A02BF6 /* Exceptions for "App" folder in "SubscriptionsAppUITests" target */ = {
			isa = PBXFileSystemSynchronizedBuildFileExceptionSet;
			membershipExceptions = (
				SubscriptionsAppUITests/SubscriptionsAppUITests.swift,
				SubscriptionsAppUITests/SubscriptionsAppUITestsLaunchTests.swift,
			);
			target = 8B8794062E1EAE5900A02BF6 /* SubscriptionsAppUITests */;
		};
		8B87948F2E1EEFCA00A02BF6 /* Exceptions for "Presentation" folder in "SubscriptionsApp" target */ = {
			isa = PBXFileSystemSynchronizedBuildFileExceptionSet;
			membershipExceptions = (
				SubscriptionsList,
				Summary,
				TabBar,
			);
			target = 8B8793EF2E1EAE5700A02BF6 /* SubscriptionsApp */;
		};
		8B8794AB2E2054FD00A02BF6 /* Exceptions for "Core" folder in "SubscriptionsApp" target */ = {
			isa = PBXFileSystemSynchronizedBuildFileExceptionSet;
			membershipExceptions = (
				Models,
				SharedUtilities,
			);
			target = 8B8793EF2E1EAE5700A02BF6 /* SubscriptionsApp */;
		};
/* End PBXFileSystemSynchronizedBuildFileExceptionSet section */

/* Begin PBXFileSystemSynchronizedRootGroup section */
		8B87947D2E1EED8D00A02BF6 /* App */ = {
			isa = PBXFileSystemSynchronizedRootGroup;
			exceptions = (
				8B8794862E1EED9300A02BF6 /* Exceptions for "App" folder in "SubscriptionsApp" target */,
				8B8794872E1EED9300A02BF6 /* Exceptions for "App" folder in "SubscriptionsAppTests" target */,
				8B8794882E1EED9300A02BF6 /* Exceptions for "App" folder in "SubscriptionsAppUITests" target */,
			);
			path = App;
			sourceTree = "<group>";
		};
		8B87948A2E1EEDAE00A02BF6 /* Core */ = {
			isa = PBXFileSystemSynchronizedRootGroup;
			exceptions = (
				8B8794AB2E2054FD00A02BF6 /* Exceptions for "Core" folder in "SubscriptionsApp" target */,
			);
			path = Core;
			sourceTree = "<group>";
		};
		8B87948B2E1EEDB500A02BF6 /* Data */ = {
			isa = PBXFileSystemSynchronizedRootGroup;
			path = Data;
			sourceTree = "<group>";
		};
		8B87948C2E1EEDBF00A02BF6 /* Domain */ = {
			isa = PBXFileSystemSynchronizedRootGroup;
			path = Domain;
			sourceTree = "<group>";
		};
		8B87948D2E1EEDC600A02BF6 /* Presentation */ = {
			isa = PBXFileSystemSynchronizedRootGroup;
			exceptions = (
				8B87948F2E1EEFCA00A02BF6 /* Exceptions for "Presentation" folder in "SubscriptionsApp" target */,
			);
			path = Presentation;
			sourceTree = "<group>";
		};
/* End PBXFileSystemSynchronizedRootGroup section */

/* Begin PBXFrameworksBuildPhase section */
		8B8793ED2E1EAE5700A02BF6 /* Frameworks */ = {
			isa = PBXFrameworksBuildPhase;
			buildActionMask = 2147483647;
			files = (
				8B8794922E1EF1D900A02BF6 /* TabBar in Frameworks */,
			);
			runOnlyForDeploymentPostprocessing = 0;
		};
		8B8793FA2E1EAE5900A02BF6 /* Frameworks */ = {
			isa = PBXFrameworksBuildPhase;
			buildActionMask = 2147483647;
			files = (
			);
			runOnlyForDeploymentPostprocessing = 0;
		};
		8B8794042E1EAE5900A02BF6 /* Frameworks */ = {
			isa = PBXFrameworksBuildPhase;
			buildActionMask = 2147483647;
			files = (
			);
			runOnlyForDeploymentPostprocessing = 0;
		};
/* End PBXFrameworksBuildPhase section */

/* Begin PBXGroup section */
		8B8793E72E1EAE5700A02BF6 = {
			isa = PBXGroup;
			children = (
				8B87947D2E1EED8D00A02BF6 /* App */,
				8B87948A2E1EEDAE00A02BF6 /* Core */,
				8B87948B2E1EEDB500A02BF6 /* Data */,
				8B87948C2E1EEDBF00A02BF6 /* Domain */,
				8B87948D2E1EEDC600A02BF6 /* Presentation */,
				8B8794902E1EF1D900A02BF6 /* Frameworks */,
				8B8793F12E1EAE5700A02BF6 /* Products */,
			);
			sourceTree = "<group>";
		};
		8B8793F12E1EAE5700A02BF6 /* Products */ = {
			isa = PBXGroup;
			children = (
				8B8793F02E1EAE5700A02BF6 /* SubscriptionsApp.app */,
				8B8793FD2E1EAE5900A02BF6 /* SubscriptionsAppTests.xctest */,
				8B8794072E1EAE5900A02BF6 /* SubscriptionsAppUITests.xctest */,
			);
			name = Products;
			sourceTree = "<group>";
		};
		8B8794902E1EF1D900A02BF6 /* Frameworks */ = {
			isa = PBXGroup;
			children = (
			);
			name = Frameworks;
			sourceTree = "<group>";
		};
/* End PBXGroup section */

/* Begin PBXNativeTarget section */
		8B8793EF2E1EAE5700A02BF6 /* SubscriptionsApp */ = {
			isa = PBXNativeTarget;
			buildConfigurationList = 8B8794112E1EAE5900A02BF6 /* Build configuration list for PBXNativeTarget "SubscriptionsApp" */;
			buildPhases = (
				8B8793EC2E1EAE5700A02BF6 /* Sources */,
				8B8793ED2E1EAE5700A02BF6 /* Frameworks */,
				8B8793EE2E1EAE5700A02BF6 /* Resources */,
			);
			buildRules = (
			);
			dependencies = (
			);
			fileSystemSynchronizedGroups = (
				8B87947D2E1EED8D00A02BF6 /* App */,
				8B87948A2E1EEDAE00A02BF6 /* Core */,
				8B87948B2E1EEDB500A02BF6 /* Data */,
				8B87948C2E1EEDBF00A02BF6 /* Domain */,
				8B87948D2E1EEDC600A02BF6 /* Presentation */,
			);
			name = SubscriptionsApp;
			packageProductDependencies = (
				8B8794912E1EF1D900A02BF6 /* TabBar */,
			);
			productName = SubscriptionsApp;
			productReference = 8B8793F02E1EAE5700A02BF6 /* SubscriptionsApp.app */;
			productType = "com.apple.product-type.application";
		};
		8B8793FC2E1EAE5900A02BF6 /* SubscriptionsAppTests */ = {
			isa = PBXNativeTarget;
			buildConfigurationList = 8B8794142E1EAE5900A02BF6 /* Build configuration list for PBXNativeTarget "SubscriptionsAppTests" */;
			buildPhases = (
				8B8793F92E1EAE5900A02BF6 /* Sources */,
				8B8793FA2E1EAE5900A02BF6 /* Frameworks */,
				8B8793FB2E1EAE5900A02BF6 /* Resources */,
			);
			buildRules = (
			);
			dependencies = (
				8B8793FF2E1EAE5900A02BF6 /* PBXTargetDependency */,
			);
			name = SubscriptionsAppTests;
			packageProductDependencies = (
			);
			productName = SubscriptionsAppTests;
			productReference = 8B8793FD2E1EAE5900A02BF6 /* SubscriptionsAppTests.xctest */;
			productType = "com.apple.product-type.bundle.unit-test";
		};
		8B8794062E1EAE5900A02BF6 /* SubscriptionsAppUITests */ = {
			isa = PBXNativeTarget;
			buildConfigurationList = 8B8794172E1EAE5900A02BF6 /* Build configuration list for PBXNativeTarget "SubscriptionsAppUITests" */;
			buildPhases = (
				8B8794032E1EAE5900A02BF6 /* Sources */,
				8B8794042E1EAE5900A02BF6 /* Frameworks */,
				8B8794052E1EAE5900A02BF6 /* Resources */,
			);
			buildRules = (
			);
			dependencies = (
				8B8794092E1EAE5900A02BF6 /* PBXTargetDependency */,
			);
			name = SubscriptionsAppUITests;
			packageProductDependencies = (
			);
			productName = SubscriptionsAppUITests;
			productReference = 8B8794072E1EAE5900A02BF6 /* SubscriptionsAppUITests.xctest */;
			productType = "com.apple.product-type.bundle.ui-testing";
		};
/* End PBXNativeTarget section */

/* Begin PBXProject section */
		8B8793E82E1EAE5700A02BF6 /* Project object */ = {
			isa = PBXProject;
			attributes = {
				BuildIndependentTargetsInParallel = 1;
				LastSwiftUpdateCheck = 1640;
				LastUpgradeCheck = 1640;
				TargetAttributes = {
					8B8793EF2E1EAE5700A02BF6 = {
						CreatedOnToolsVersion = 16.4;
					};
					8B8793FC2E1EAE5900A02BF6 = {
						CreatedOnToolsVersion = 16.4;
						TestTargetID = 8B8793EF2E1EAE5700A02BF6;
					};
					8B8794062E1EAE5900A02BF6 = {
						CreatedOnToolsVersion = 16.4;
						TestTargetID = 8B8793EF2E1EAE5700A02BF6;
					};
				};
			};
			buildConfigurationList = 8B8793EB2E1EAE5700A02BF6 /* Build configuration list for PBXProject "SubscriptionsApp" */;
			developmentRegion = en;
			hasScannedForEncodings = 0;
			knownRegions = (
				en,
				Base,
			);
			mainGroup = 8B8793E72E1EAE5700A02BF6;
			minimizedProjectReferenceProxies = 1;
			preferredProjectObjectVersion = 77;
			productRefGroup = 8B8793F12E1EAE5700A02BF6 /* Products */;
			projectDirPath = "";
			projectRoot = "";
			targets = (
				8B8793EF2E1EAE5700A02BF6 /* SubscriptionsApp */,
				8B8793FC2E1EAE5900A02BF6 /* SubscriptionsAppTests */,
				8B8794062E1EAE5900A02BF6 /* SubscriptionsAppUITests */,
			);
		};
/* End PBXProject section */

/* Begin PBXResourcesBuildPhase section */
		8B8793EE2E1EAE5700A02BF6 /* Resources */ = {
			isa = PBXResourcesBuildPhase;
			buildActionMask = 2147483647;
			files = (
			);
			runOnlyForDeploymentPostprocessing = 0;
		};
		8B8793FB2E1EAE5900A02BF6 /* Resources */ = {
			isa = PBXResourcesBuildPhase;
			buildActionMask = 2147483647;
			files = (
			);
			runOnlyForDeploymentPostprocessing = 0;
		};
		8B8794052E1EAE5900A02BF6 /* Resources */ = {
			isa = PBXResourcesBuildPhase;
			buildActionMask = 2147483647;
			files = (
			);
			runOnlyForDeploymentPostprocessing = 0;
		};
/* End PBXResourcesBuildPhase section */

/* Begin PBXSourcesBuildPhase section */
		8B8793EC2E1EAE5700A02BF6 /* Sources */ = {
			isa = PBXSourcesBuildPhase;
			buildActionMask = 2147483647;
			files = (
			);
			runOnlyForDeploymentPostprocessing = 0;
		};
		8B8793F92E1EAE5900A02BF6 /* Sources */ = {
			isa = PBXSourcesBuildPhase;
			buildActionMask = 2147483647;
			files = (
			);
			runOnlyForDeploymentPostprocessing = 0;
		};
		8B8794032E1EAE5900A02BF6 /* Sources */ = {
			isa = PBXSourcesBuildPhase;
			buildActionMask = 2147483647;
			files = (
			);
			runOnlyForDeploymentPostprocessing = 0;
		};
/* End PBXSourcesBuildPhase section */

/* Begin PBXTargetDependency section */
		8B8793FF2E1EAE5900A02BF6 /* PBXTargetDependency */ = {
			isa = PBXTargetDependency;
			target = 8B8793EF2E1EAE5700A02BF6 /* SubscriptionsApp */;
			targetProxy = 8B8793FE2E1EAE5900A02BF6 /* PBXContainerItemProxy */;
		};
		8B8794092E1EAE5900A02BF6 /* PBXTargetDependency */ = {
			isa = PBXTargetDependency;
			target = 8B8793EF2E1EAE5700A02BF6 /* SubscriptionsApp */;
			targetProxy = 8B8794082E1EAE5900A02BF6 /* PBXContainerItemProxy */;
		};
/* End PBXTargetDependency section */

/* Begin XCBuildConfiguration section */
		8B87940F2E1EAE5900A02BF6 /* Debug */ = {
			isa = XCBuildConfiguration;
			buildSettings = {
				ALWAYS_SEARCH_USER_PATHS = NO;
				ASSETCATALOG_COMPILER_GENERATE_SWIFT_ASSET_SYMBOL_EXTENSIONS = YES;
				CLANG_ANALYZER_NONNULL = YES;
				CLANG_ANALYZER_NUMBER_OBJECT_CONVERSION = YES_AGGRESSIVE;
				CLANG_CXX_LANGUAGE_STANDARD = "gnu++20";
				CLANG_ENABLE_MODULES = YES;
				CLANG_ENABLE_OBJC_ARC = YES;
				CLANG_ENABLE_OBJC_WEAK = YES;
				CLANG_WARN_BLOCK_CAPTURE_AUTORELEASING = YES;
				CLANG_WARN_BOOL_CONVERSION = YES;
				CLANG_WARN_COMMA = YES;
				CLANG_WARN_CONSTANT_CONVERSION = YES;
				CLANG_WARN_DEPRECATED_OBJC_IMPLEMENTATIONS = YES;
				CLANG_WARN_DIRECT_OBJC_ISA_USAGE = YES_ERROR;
				CLANG_WARN_DOCUMENTATION_COMMENTS = YES;
				CLANG_WARN_EMPTY_BODY = YES;
				CLANG_WARN_ENUM_CONVERSION = YES;
				CLANG_WARN_INFINITE_RECURSION = YES;
				CLANG_WARN_INT_CONVERSION = YES;
				CLANG_WARN_NON_LITERAL_NULL_CONVERSION = YES;
				CLANG_WARN_OBJC_IMPLICIT_RETAIN_SELF = YES;
				CLANG_WARN_OBJC_LITERAL_CONVERSION = YES;
				CLANG_WARN_OBJC_ROOT_CLASS = YES_ERROR;
				CLANG_WARN_QUOTED_INCLUDE_IN_FRAMEWORK_HEADER = YES;
				CLANG_WARN_RANGE_LOOP_ANALYSIS = YES;
				CLANG_WARN_STRICT_PROTOTYPES = YES;
				CLANG_WARN_SUSPICIOUS_MOVE = YES;
				CLANG_WARN_UNGUARDED_AVAILABILITY = YES_AGGRESSIVE;
				CLANG_WARN_UNREACHABLE_CODE = YES;
				CLANG_WARN__DUPLICATE_METHOD_MATCH = YES;
				COPY_PHASE_STRIP = NO;
				DEBUG_INFORMATION_FORMAT = dwarf;
				DEVELOPMENT_TEAM = 969V354CHJ;
				ENABLE_STRICT_OBJC_MSGSEND = YES;
				ENABLE_TESTABILITY = YES;
				ENABLE_USER_SCRIPT_SANDBOXING = YES;
				GCC_C_LANGUAGE_STANDARD = gnu17;
				GCC_DYNAMIC_NO_PIC = NO;
				GCC_NO_COMMON_BLOCKS = YES;
				GCC_OPTIMIZATION_LEVEL = 0;
				GCC_PREPROCESSOR_DEFINITIONS = (
					"DEBUG=1",
					"$(inherited)",
				);
				GCC_WARN_64_TO_32_BIT_CONVERSION = YES;
				GCC_WARN_ABOUT_RETURN_TYPE = YES_ERROR;
				GCC_WARN_UNDECLARED_SELECTOR = YES;
				GCC_WARN_UNINITIALIZED_AUTOS = YES_AGGRESSIVE;
				GCC_WARN_UNUSED_FUNCTION = YES;
				GCC_WARN_UNUSED_VARIABLE = YES;
				IPHONEOS_DEPLOYMENT_TARGET = 18.5;
				LOCALIZATION_PREFERS_STRING_CATALOGS = YES;
				MTL_ENABLE_DEBUG_INFO = INCLUDE_SOURCE;
				MTL_FAST_MATH = YES;
				ONLY_ACTIVE_ARCH = YES;
				SDKROOT = iphoneos;
				SWIFT_ACTIVE_COMPILATION_CONDITIONS = "DEBUG $(inherited)";
				SWIFT_OPTIMIZATION_LEVEL = "-Onone";
			};
			name = Debug;
		};
		8B8794102E1EAE5900A02BF6 /* Release */ = {
			isa = XCBuildConfiguration;
			buildSettings = {
				ALWAYS_SEARCH_USER_PATHS = NO;
				ASSETCATALOG_COMPILER_GENERATE_SWIFT_ASSET_SYMBOL_EXTENSIONS = YES;
				CLANG_ANALYZER_NONNULL = YES;
				CLANG_ANALYZER_NUMBER_OBJECT_CONVERSION = YES_AGGRESSIVE;
				CLANG_CXX_LANGUAGE_STANDARD = "gnu++20";
				CLANG_ENABLE_MODULES = YES;
				CLANG_ENABLE_OBJC_ARC = YES;
				CLANG_ENABLE_OBJC_WEAK = YES;
				CLANG_WARN_BLOCK_CAPTURE_AUTORELEASING = YES;
				CLANG_WARN_BOOL_CONVERSION = YES;
				CLANG_WARN_COMMA = YES;
				CLANG_WARN_CONSTANT_CONVERSION = YES;
				CLANG_WARN_DEPRECATED_OBJC_IMPLEMENTATIONS = YES;
				CLANG_WARN_DIRECT_OBJC_ISA_USAGE = YES_ERROR;
				CLANG_WARN_DOCUMENTATION_COMMENTS = YES;
				CLANG_WARN_EMPTY_BODY = YES;
				CLANG_WARN_ENUM_CONVERSION = YES;
				CLANG_WARN_INFINITE_RECURSION = YES;
				CLANG_WARN_INT_CONVERSION = YES;
				CLANG_WARN_NON_LITERAL_NULL_CONVERSION = YES;
				CLANG_WARN_OBJC_IMPLICIT_RETAIN_SELF = YES;
				CLANG_WARN_OBJC_LITERAL_CONVERSION = YES;
				CLANG_WARN_OBJC_ROOT_CLASS = YES_ERROR;
				CLANG_WARN_QUOTED_INCLUDE_IN_FRAMEWORK_HEADER = YES;
				CLANG_WARN_RANGE_LOOP_ANALYSIS = YES;
				CLANG_WARN_STRICT_PROTOTYPES = YES;
				CLANG_WARN_SUSPICIOUS_MOVE = YES;
				CLANG_WARN_UNGUARDED_AVAILABILITY = YES_AGGRESSIVE;
				CLANG_WARN_UNREACHABLE_CODE = YES;
				CLANG_WARN__DUPLICATE_METHOD_MATCH = YES;
				COPY_PHASE_STRIP = NO;
				DEBUG_INFORMATION_FORMAT = "dwarf-with-dsym";
				DEVELOPMENT_TEAM = 969V354CHJ;
				ENABLE_NS_ASSERTIONS = NO;
				ENABLE_STRICT_OBJC_MSGSEND = YES;
				ENABLE_USER_SCRIPT_SANDBOXING = YES;
				GCC_C_LANGUAGE_STANDARD = gnu17;
				GCC_NO_COMMON_BLOCKS = YES;
				GCC_WARN_64_TO_32_BIT_CONVERSION = YES;
				GCC_WARN_ABOUT_RETURN_TYPE = YES_ERROR;
				GCC_WARN_UNDECLARED_SELECTOR = YES;
				GCC_WARN_UNINITIALIZED_AUTOS = YES_AGGRESSIVE;
				GCC_WARN_UNUSED_FUNCTION = YES;
				GCC_WARN_UNUSED_VARIABLE = YES;
				IPHONEOS_DEPLOYMENT_TARGET = 18.5;
				LOCALIZATION_PREFERS_STRING_CATALOGS = YES;
				MTL_ENABLE_DEBUG_INFO = NO;
				MTL_FAST_MATH = YES;
				SDKROOT = iphoneos;
				SWIFT_COMPILATION_MODE = wholemodule;
				VALIDATE_PRODUCT = YES;
			};
			name = Release;
		};
		8B8794122E1EAE5900A02BF6 /* Debug */ = {
			isa = XCBuildConfiguration;
			buildSettings = {
				ASSETCATALOG_COMPILER_APPICON_NAME = AppIcon;
				ASSETCATALOG_COMPILER_GLOBAL_ACCENT_COLOR_NAME = AccentColor;
				CODE_SIGN_STYLE = Automatic;
				CURRENT_PROJECT_VERSION = 1;
				DEVELOPMENT_TEAM = 969V354CHJ;
				ENABLE_PREVIEWS = YES;
				GENERATE_INFOPLIST_FILE = YES;
				INFOPLIST_KEY_UIApplicationSceneManifest_Generation = YES;
				INFOPLIST_KEY_UIApplicationSupportsIndirectInputEvents = YES;
				INFOPLIST_KEY_UILaunchScreen_Generation = YES;
				INFOPLIST_KEY_UISupportedInterfaceOrientations_iPad = "UIInterfaceOrientationPortrait UIInterfaceOrientationPortraitUpsideDown UIInterfaceOrientationLandscapeLeft UIInterfaceOrientationLandscapeRight";
				INFOPLIST_KEY_UISupportedInterfaceOrientations_iPhone = "UIInterfaceOrientationPortrait UIInterfaceOrientationLandscapeLeft UIInterfaceOrientationLandscapeRight";
				IPHONEOS_DEPLOYMENT_TARGET = 18.0;
				LD_RUNPATH_SEARCH_PATHS = (
					"$(inherited)",
					"@executable_path/Frameworks",
				);
				MARKETING_VERSION = 1.0;
				PRODUCT_BUNDLE_IDENTIFIER = TomaszWojtyniak.SubscriptionsApp;
				PRODUCT_NAME = "$(TARGET_NAME)";
				SWIFT_EMIT_LOC_STRINGS = YES;
				SWIFT_VERSION = 6.0;
				TARGETED_DEVICE_FAMILY = "1,2";
			};
			name = Debug;
		};
		8B8794132E1EAE5900A02BF6 /* Release */ = {
			isa = XCBuildConfiguration;
			buildSettings = {
				ASSETCATALOG_COMPILER_APPICON_NAME = AppIcon;
				ASSETCATALOG_COMPILER_GLOBAL_ACCENT_COLOR_NAME = AccentColor;
				CODE_SIGN_STYLE = Automatic;
				CURRENT_PROJECT_VERSION = 1;
				DEVELOPMENT_TEAM = 969V354CHJ;
				ENABLE_PREVIEWS = YES;
				GENERATE_INFOPLIST_FILE = YES;
				INFOPLIST_KEY_UIApplicationSceneManifest_Generation = YES;
				INFOPLIST_KEY_UIApplicationSupportsIndirectInputEvents = YES;
				INFOPLIST_KEY_UILaunchScreen_Generation = YES;
				INFOPLIST_KEY_UISupportedInterfaceOrientations_iPad = "UIInterfaceOrientationPortrait UIInterfaceOrientationPortraitUpsideDown UIInterfaceOrientationLandscapeLeft UIInterfaceOrientationLandscapeRight";
				INFOPLIST_KEY_UISupportedInterfaceOrientations_iPhone = "UIInterfaceOrientationPortrait UIInterfaceOrientationLandscapeLeft UIInterfaceOrientationLandscapeRight";
				IPHONEOS_DEPLOYMENT_TARGET = 18.0;
				LD_RUNPATH_SEARCH_PATHS = (
					"$(inherited)",
					"@executable_path/Frameworks",
				);
				MARKETING_VERSION = 1.0;
				PRODUCT_BUNDLE_IDENTIFIER = TomaszWojtyniak.SubscriptionsApp;
				PRODUCT_NAME = "$(TARGET_NAME)";
				SWIFT_EMIT_LOC_STRINGS = YES;
				SWIFT_VERSION = 6.0;
				TARGETED_DEVICE_FAMILY = "1,2";
			};
			name = Release;
		};
		8B8794152E1EAE5900A02BF6 /* Debug */ = {
			isa = XCBuildConfiguration;
			buildSettings = {
				BUNDLE_LOADER = "$(TEST_HOST)";
				CODE_SIGN_STYLE = Automatic;
				CURRENT_PROJECT_VERSION = 1;
				DEVELOPMENT_TEAM = 969V354CHJ;
				GENERATE_INFOPLIST_FILE = YES;
				IPHONEOS_DEPLOYMENT_TARGET = 18.5;
				MARKETING_VERSION = 1.0;
				PRODUCT_BUNDLE_IDENTIFIER = TomaszWojtyniak.SubscriptionsAppTests;
				PRODUCT_NAME = "$(TARGET_NAME)";
				SWIFT_EMIT_LOC_STRINGS = NO;
				SWIFT_VERSION = 5.0;
				TARGETED_DEVICE_FAMILY = "1,2";
				TEST_HOST = "$(BUILT_PRODUCTS_DIR)/SubscriptionsApp.app/$(BUNDLE_EXECUTABLE_FOLDER_PATH)/SubscriptionsApp";
			};
			name = Debug;
		};
		8B8794162E1EAE5900A02BF6 /* Release */ = {
			isa = XCBuildConfiguration;
			buildSettings = {
				BUNDLE_LOADER = "$(TEST_HOST)";
				CODE_SIGN_STYLE = Automatic;
				CURRENT_PROJECT_VERSION = 1;
				DEVELOPMENT_TEAM = 969V354CHJ;
				GENERATE_INFOPLIST_FILE = YES;
				IPHONEOS_DEPLOYMENT_TARGET = 18.5;
				MARKETING_VERSION = 1.0;
				PRODUCT_BUNDLE_IDENTIFIER = TomaszWojtyniak.SubscriptionsAppTests;
				PRODUCT_NAME = "$(TARGET_NAME)";
				SWIFT_EMIT_LOC_STRINGS = NO;
				SWIFT_VERSION = 5.0;
				TARGETED_DEVICE_FAMILY = "1,2";
				TEST_HOST = "$(BUILT_PRODUCTS_DIR)/SubscriptionsApp.app/$(BUNDLE_EXECUTABLE_FOLDER_PATH)/SubscriptionsApp";
			};
			name = Release;
		};
		8B8794182E1EAE5900A02BF6 /* Debug */ = {
			isa = XCBuildConfiguration;
			buildSettings = {
				CODE_SIGN_STYLE = Automatic;
				CURRENT_PROJECT_VERSION = 1;
				DEVELOPMENT_TEAM = 969V354CHJ;
				GENERATE_INFOPLIST_FILE = YES;
				MARKETING_VERSION = 1.0;
				PRODUCT_BUNDLE_IDENTIFIER = TomaszWojtyniak.SubscriptionsAppUITests;
				PRODUCT_NAME = "$(TARGET_NAME)";
				SWIFT_EMIT_LOC_STRINGS = NO;
				SWIFT_VERSION = 5.0;
				TARGETED_DEVICE_FAMILY = "1,2";
				TEST_TARGET_NAME = SubscriptionsApp;
			};
			name = Debug;
		};
		8B8794192E1EAE5900A02BF6 /* Release */ = {
			isa = XCBuildConfiguration;
			buildSettings = {
				CODE_SIGN_STYLE = Automatic;
				CURRENT_PROJECT_VERSION = 1;
				DEVELOPMENT_TEAM = 969V354CHJ;
				GENERATE_INFOPLIST_FILE = YES;
				MARKETING_VERSION = 1.0;
				PRODUCT_BUNDLE_IDENTIFIER = TomaszWojtyniak.SubscriptionsAppUITests;
				PRODUCT_NAME = "$(TARGET_NAME)";
				SWIFT_EMIT_LOC_STRINGS = NO;
				SWIFT_VERSION = 5.0;
				TARGETED_DEVICE_FAMILY = "1,2";
				TEST_TARGET_NAME = SubscriptionsApp;
			};
			name = Release;
		};
/* End XCBuildConfiguration section */

/* Begin XCConfigurationList section */
		8B8793EB2E1EAE5700A02BF6 /* Build configuration list for PBXProject "SubscriptionsApp" */ = {
			isa = XCConfigurationList;
			buildConfigurations = (
				8B87940F2E1EAE5900A02BF6 /* Debug */,
				8B8794102E1EAE5900A02BF6 /* Release */,
			);
			defaultConfigurationIsVisible = 0;
			defaultConfigurationName = Release;
		};
		8B8794112E1EAE5900A02BF6 /* Build configuration list for PBXNativeTarget "SubscriptionsApp" */ = {
			isa = XCConfigurationList;
			buildConfigurations = (
				8B8794122E1EAE5900A02BF6 /* Debug */,
				8B8794132E1EAE5900A02BF6 /* Release */,
			);
			defaultConfigurationIsVisible = 0;
			defaultConfigurationName = Release;
		};
		8B8794142E1EAE5900A02BF6 /* Build configuration list for PBXNativeTarget "SubscriptionsAppTests" */ = {
			isa = XCConfigurationList;
			buildConfigurations = (
				8B8794152E1EAE5900A02BF6 /* Debug */,
				8B8794162E1EAE5900A02BF6 /* Release */,
			);
			defaultConfigurationIsVisible = 0;
			defaultConfigurationName = Release;
		};
		8B8794172E1EAE5900A02BF6 /* Build configuration list for PBXNativeTarget "SubscriptionsAppUITests" */ = {
			isa = XCConfigurationList;
			buildConfigurations = (
				8B8794182E1EAE5900A02BF6 /* Debug */,
				8B8794192E1EAE5900A02BF6 /* Release */,
			);
			defaultConfigurationIsVisible = 0;
			defaultConfigurationName = Release;
		};
/* End XCConfigurationList section */

/* Begin XCSwiftPackageProductDependency section */
		8B8794912E1EF1D900A02BF6 /* TabBar */ = {
			isa = XCSwiftPackageProductDependency;
			productName = TabBar;
		};
/* End XCSwiftPackageProductDependency section */
	};
	rootObject = 8B8793E82E1EAE5700A02BF6 /* Project object */;
}
